// !$*UTF8*$!
{
	archiveVersion = 1;
	classes = {
	};
	objectVersion = 50;
	objects = {

/* Begin PBXBuildFile section */
		B6C781F1230C027E005099E9 /* AppDelegate.swift in Sources */ = {isa = PBXBuildFile; fileRef = B6C781F0230C027E005099E9 /* AppDelegate.swift */; };
		B6C781F3230C027E005099E9 /* ViewController.swift in Sources */ = {isa = PBXBuildFile; fileRef = B6C781F2230C027E005099E9 /* ViewController.swift */; };
		B6C781F6230C027E005099E9 /* Main.storyboard in Resources */ = {isa = PBXBuildFile; fileRef = B6C781F4230C027E005099E9 /* Main.storyboard */; };
		B6C781F8230C027F005099E9 /* Assets.xcassets in Resources */ = {isa = PBXBuildFile; fileRef = B6C781F7230C027F005099E9 /* Assets.xcassets */; };
		B6C781FB230C027F005099E9 /* LaunchScreen.storyboard in Resources */ = {isa = PBXBuildFile; fileRef = B6C781F9230C027F005099E9 /* LaunchScreen.storyboard */; };
		B6C78203230C02D3005099E9 /* CustomCollectionView.swift in Sources */ = {isa = PBXBuildFile; fileRef = B6C78202230C02D3005099E9 /* CustomCollectionView.swift */; };
		B6C78206230C2AFC005099E9 /* ButtonHeaderText.swift in Sources */ = {isa = PBXBuildFile; fileRef = B6C78205230C2AFC005099E9 /* ButtonHeaderText.swift */; };
		B6C78208230C311A005099E9 /* CustomScroll.swift in Sources */ = {isa = PBXBuildFile; fileRef = B6C78207230C311A005099E9 /* CustomScroll.swift */; };
		B6C7820A230C3BB9005099E9 /* DetailedEvent.swift in Sources */ = {isa = PBXBuildFile; fileRef = B6C78209230C3BB9005099E9 /* DetailedEvent.swift */; };
		B6C7820D230D3FC4005099E9 /* TableViewCellHome.swift in Sources */ = {isa = PBXBuildFile; fileRef = B6C7820C230D3FC4005099E9 /* TableViewCellHome.swift */; };
/* End PBXBuildFile section */

/* Begin PBXFileReference section */
		B6C781ED230C027E005099E9 /* MC3 Volunteering.app */ = {isa = PBXFileReference; explicitFileType = wrapper.application; includeInIndex = 0; path = "MC3 Volunteering.app"; sourceTree = BUILT_PRODUCTS_DIR; };
		B6C781F0230C027E005099E9 /* AppDelegate.swift */ = {isa = PBXFileReference; lastKnownFileType = sourcecode.swift; path = AppDelegate.swift; sourceTree = "<group>"; };
		B6C781F2230C027E005099E9 /* ViewController.swift */ = {isa = PBXFileReference; lastKnownFileType = sourcecode.swift; path = ViewController.swift; sourceTree = "<group>"; };
		B6C781F5230C027E005099E9 /* Base */ = {isa = PBXFileReference; lastKnownFileType = file.storyboard; name = Base; path = Base.lproj/Main.storyboard; sourceTree = "<group>"; };
		B6C781F7230C027F005099E9 /* Assets.xcassets */ = {isa = PBXFileReference; lastKnownFileType = folder.assetcatalog; path = Assets.xcassets; sourceTree = "<group>"; };
		B6C781FA230C027F005099E9 /* Base */ = {isa = PBXFileReference; lastKnownFileType = file.storyboard; name = Base; path = Base.lproj/LaunchScreen.storyboard; sourceTree = "<group>"; };
		B6C781FC230C027F005099E9 /* Info.plist */ = {isa = PBXFileReference; lastKnownFileType = text.plist.xml; path = Info.plist; sourceTree = "<group>"; };
		B6C78202230C02D3005099E9 /* CustomCollectionView.swift */ = {isa = PBXFileReference; lastKnownFileType = sourcecode.swift; path = CustomCollectionView.swift; sourceTree = "<group>"; };
		B6C78205230C2AFC005099E9 /* ButtonHeaderText.swift */ = {isa = PBXFileReference; lastKnownFileType = sourcecode.swift; path = ButtonHeaderText.swift; sourceTree = "<group>"; };
		B6C78207230C311A005099E9 /* CustomScroll.swift */ = {isa = PBXFileReference; lastKnownFileType = sourcecode.swift; path = CustomScroll.swift; sourceTree = "<group>"; };
		B6C78209230C3BB9005099E9 /* DetailedEvent.swift */ = {isa = PBXFileReference; lastKnownFileType = sourcecode.swift; path = DetailedEvent.swift; sourceTree = "<group>"; };
		B6C7820C230D3FC4005099E9 /* TableViewCellHome.swift */ = {isa = PBXFileReference; lastKnownFileType = sourcecode.swift; path = TableViewCellHome.swift; sourceTree = "<group>"; };
/* End PBXFileReference section */

/* Begin PBXFrameworksBuildPhase section */
		B6C781EA230C027E005099E9 /* Frameworks */ = {
			isa = PBXFrameworksBuildPhase;
			buildActionMask = 2147483647;
			files = (
			);
			runOnlyForDeploymentPostprocessing = 0;
		};
/* End PBXFrameworksBuildPhase section */

/* Begin PBXGroup section */
		B6C781E4230C027E005099E9 = {
			isa = PBXGroup;
			children = (
				B6C781EF230C027E005099E9 /* MC3 Volunteering */,
				B6C781EE230C027E005099E9 /* Products */,
			);
			sourceTree = "<group>";
		};
		B6C781EE230C027E005099E9 /* Products */ = {
			isa = PBXGroup;
			children = (
				B6C781ED230C027E005099E9 /* MC3 Volunteering.app */,
			);
			name = Products;
			sourceTree = "<group>";
		};
		B6C781EF230C027E005099E9 /* MC3 Volunteering */ = {
			isa = PBXGroup;
			children = (
				B6C781F0230C027E005099E9 /* AppDelegate.swift */,
				B6C781F4230C027E005099E9 /* Main.storyboard */,
				B6C7820B230D171D005099E9 /* Controller */,
				B6C78204230C2AA0005099E9 /* Class */,
				B6C781F7230C027F005099E9 /* Assets.xcassets */,
				B6C781F9230C027F005099E9 /* LaunchScreen.storyboard */,
				B6C781FC230C027F005099E9 /* Info.plist */,
			);
			path = "MC3 Volunteering";
			sourceTree = "<group>";
		};
		B6C78204230C2AA0005099E9 /* Class */ = {
			isa = PBXGroup;
			children = (
				B6C7820C230D3FC4005099E9 /* TableViewCellHome.swift */,
				B6C78205230C2AFC005099E9 /* ButtonHeaderText.swift */,
				B6C78202230C02D3005099E9 /* CustomCollectionView.swift */,
				B6C78207230C311A005099E9 /* CustomScroll.swift */,
			);
			path = Class;
			sourceTree = "<group>";
		};
		B6C7820B230D171D005099E9 /* Controller */ = {
			isa = PBXGroup;
			children = (
				B6C781F2230C027E005099E9 /* ViewController.swift */,
				B6C78209230C3BB9005099E9 /* DetailedEvent.swift */,
			);
			path = Controller;
			sourceTree = "<group>";
		};
/* End PBXGroup section */

/* Begin PBXNativeTarget section */
		B6C781EC230C027E005099E9 /* MC3 Volunteering */ = {
			isa = PBXNativeTarget;
			buildConfigurationList = B6C781FF230C027F005099E9 /* Build configuration list for PBXNativeTarget "MC3 Volunteering" */;
			buildPhases = (
				B6C781E9230C027E005099E9 /* Sources */,
				B6C781EA230C027E005099E9 /* Frameworks */,
				B6C781EB230C027E005099E9 /* Resources */,
			);
			buildRules = (
			);
			dependencies = (
			);
			name = "MC3 Volunteering";
			productName = "MC3 Volunteering";
			productReference = B6C781ED230C027E005099E9 /* MC3 Volunteering.app */;
			productType = "com.apple.product-type.application";
		};
/* End PBXNativeTarget section */

/* Begin PBXProject section */
		B6C781E5230C027E005099E9 /* Project object */ = {
			isa = PBXProject;
			attributes = {
				LastSwiftUpdateCheck = 1020;
				LastUpgradeCheck = 1020;
				ORGANIZATIONNAME = "Silamitra Edvyn Tanu";
				TargetAttributes = {
					B6C781EC230C027E005099E9 = {
						CreatedOnToolsVersion = 10.2.1;
					};
				};
			};
			buildConfigurationList = B6C781E8230C027E005099E9 /* Build configuration list for PBXProject "MC3 Volunteering" */;
			compatibilityVersion = "Xcode 9.3";
			developmentRegion = en;
			hasScannedForEncodings = 0;
			knownRegions = (
				en,
				Base,
			);
			mainGroup = B6C781E4230C027E005099E9;
			productRefGroup = B6C781EE230C027E005099E9 /* Products */;
			projectDirPath = "";
			projectRoot = "";
			targets = (
				B6C781EC230C027E005099E9 /* MC3 Volunteering */,
			);
		};
/* End PBXProject section */

/* Begin PBXResourcesBuildPhase section */
		B6C781EB230C027E005099E9 /* Resources */ = {
			isa = PBXResourcesBuildPhase;
			buildActionMask = 2147483647;
			files = (
				B6C781FB230C027F005099E9 /* LaunchScreen.storyboard in Resources */,
				B6C781F8230C027F005099E9 /* Assets.xcassets in Resources */,
				B6C781F6230C027E005099E9 /* Main.storyboard in Resources */,
			);
			runOnlyForDeploymentPostprocessing = 0;
		};
/* End PBXResourcesBuildPhase section */

/* Begin PBXSourcesBuildPhase section */
		B6C781E9230C027E005099E9 /* Sources */ = {
			isa = PBXSourcesBuildPhase;
			buildActionMask = 2147483647;
			files = (
				B6C78203230C02D3005099E9 /* CustomCollectionView.swift in Sources */,
				B6C781F3230C027E005099E9 /* ViewController.swift in Sources */,
				B6C781F1230C027E005099E9 /* AppDelegate.swift in Sources */,
				B6C7820D230D3FC4005099E9 /* TableViewCellHome.swift in Sources */,
				B6C78208230C311A005099E9 /* CustomScroll.swift in Sources */,
				B6C7820A230C3BB9005099E9 /* DetailedEvent.swift in Sources */,
				B6C78206230C2AFC005099E9 /* ButtonHeaderText.swift in Sources */,
			);
			runOnlyForDeploymentPostprocessing = 0;
		};
/* End PBXSourcesBuildPhase section */

/* Begin PBXVariantGroup section */
		B6C781F4230C027E005099E9 /* Main.storyboard */ = {
			isa = PBXVariantGroup;
			children = (
				B6C781F5230C027E005099E9 /* Base */,
			);
			name = Main.storyboard;
			sourceTree = "<group>";
		};
		B6C781F9230C027F005099E9 /* LaunchScreen.storyboard */ = {
			isa = PBXVariantGroup;
			children = (
				B6C781FA230C027F005099E9 /* Base */,
			);
			name = LaunchScreen.storyboard;
			sourceTree = "<group>";
		};
/* End PBXVariantGroup section */

/* Begin XCBuildConfiguration section */
		B6C781FD230C027F005099E9 /* Debug */ = {
			isa = XCBuildConfiguration;
			buildSettings = {
				ALWAYS_SEARCH_USER_PATHS = NO;
				CLANG_ANALYZER_NONNULL = YES;
				CLANG_ANALYZER_NUMBER_OBJECT_CONVERSION = YES_AGGRESSIVE;
				CLANG_CXX_LANGUAGE_STANDARD = "gnu++14";
				CLANG_CXX_LIBRARY = "libc++";
				CLANG_ENABLE_MODULES = YES;
				CLANG_ENABLE_OBJC_ARC = YES;
				CLANG_ENABLE_OBJC_WEAK = YES;
				CLANG_WARN_BLOCK_CAPTURE_AUTORELEASING = YES;
				CLANG_WARN_BOOL_CONVERSION = YES;
				CLANG_WARN_COMMA = YES;
				CLANG_WARN_CONSTANT_CONVERSION = YES;
				CLANG_WARN_DEPRECATED_OBJC_IMPLEMENTATIONS = YES;
				CLANG_WARN_DIRECT_OBJC_ISA_USAGE = YES_ERROR;
				CLANG_WARN_DOCUMENTATION_COMMENTS = YES;
				CLANG_WARN_EMPTY_BODY = YES;
				CLANG_WARN_ENUM_CONVERSION = YES;
				CLANG_WARN_INFINITE_RECURSION = YES;
				CLANG_WARN_INT_CONVERSION = YES;
				CLANG_WARN_NON_LITERAL_NULL_CONVERSION = YES;
				CLANG_WARN_OBJC_IMPLICIT_RETAIN_SELF = YES;
				CLANG_WARN_OBJC_LITERAL_CONVERSION = YES;
				CLANG_WARN_OBJC_ROOT_CLASS = YES_ERROR;
				CLANG_WARN_RANGE_LOOP_ANALYSIS = YES;
				CLANG_WARN_STRICT_PROTOTYPES = YES;
				CLANG_WARN_SUSPICIOUS_MOVE = YES;
				CLANG_WARN_UNGUARDED_AVAILABILITY = YES_AGGRESSIVE;
				CLANG_WARN_UNREACHABLE_CODE = YES;
				CLANG_WARN__DUPLICATE_METHOD_MATCH = YES;
				CODE_SIGN_IDENTITY = "iPhone Developer";
				COPY_PHASE_STRIP = NO;
				DEBUG_INFORMATION_FORMAT = dwarf;
				ENABLE_STRICT_OBJC_MSGSEND = YES;
				ENABLE_TESTABILITY = YES;
				GCC_C_LANGUAGE_STANDARD = gnu11;
				GCC_DYNAMIC_NO_PIC = NO;
				GCC_NO_COMMON_BLOCKS = YES;
				GCC_OPTIMIZATION_LEVEL = 0;
				GCC_PREPROCESSOR_DEFINITIONS = (
					"DEBUG=1",
					"$(inherited)",
				);
				GCC_WARN_64_TO_32_BIT_CONVERSION = YES;
				GCC_WARN_ABOUT_RETURN_TYPE = YES_ERROR;
				GCC_WARN_UNDECLARED_SELECTOR = YES;
				GCC_WARN_UNINITIALIZED_AUTOS = YES_AGGRESSIVE;
				GCC_WARN_UNUSED_FUNCTION = YES;
				GCC_WARN_UNUSED_VARIABLE = YES;
				IPHONEOS_DEPLOYMENT_TARGET = 12.2;
				MTL_ENABLE_DEBUG_INFO = INCLUDE_SOURCE;
				MTL_FAST_MATH = YES;
				ONLY_ACTIVE_ARCH = YES;
				SDKROOT = iphoneos;
				SWIFT_ACTIVE_COMPILATION_CONDITIONS = DEBUG;
				SWIFT_OPTIMIZATION_LEVEL = "-Onone";
			};
			name = Debug;
		};
		B6C781FE230C027F005099E9 /* Release */ = {
			isa = XCBuildConfiguration;
			buildSettings = {
				ALWAYS_SEARCH_USER_PATHS = NO;
				CLANG_ANALYZER_NONNULL = YES;
				CLANG_ANALYZER_NUMBER_OBJECT_CONVERSION = YES_AGGRESSIVE;
				CLANG_CXX_LANGUAGE_STANDARD = "gnu++14";
				CLANG_CXX_LIBRARY = "libc++";
				CLANG_ENABLE_MODULES = YES;
				CLANG_ENABLE_OBJC_ARC = YES;
				CLANG_ENABLE_OBJC_WEAK = YES;
				CLANG_WARN_BLOCK_CAPTURE_AUTORELEASING = YES;
				CLANG_WARN_BOOL_CONVERSION = YES;
				CLANG_WARN_COMMA = YES;
				CLANG_WARN_CONSTANT_CONVERSION = YES;
				CLANG_WARN_DEPRECATED_OBJC_IMPLEMENTATIONS = YES;
				CLANG_WARN_DIRECT_OBJC_ISA_USAGE = YES_ERROR;
				CLANG_WARN_DOCUMENTATION_COMMENTS = YES;
				CLANG_WARN_EMPTY_BODY = YES;
				CLANG_WARN_ENUM_CONVERSION = YES;
				CLANG_WARN_INFINITE_RECURSION = YES;
				CLANG_WARN_INT_CONVERSION = YES;
				CLANG_WARN_NON_LITERAL_NULL_CONVERSION = YES;
				CLANG_WARN_OBJC_IMPLICIT_RETAIN_SELF = YES;
				CLANG_WARN_OBJC_LITERAL_CONVERSION = YES;
				CLANG_WARN_OBJC_ROOT_CLASS = YES_ERROR;
				CLANG_WARN_RANGE_LOOP_ANALYSIS = YES;
				CLANG_WARN_STRICT_PROTOTYPES = YES;
				CLANG_WARN_SUSPICIOUS_MOVE = YES;
				CLANG_WARN_UNGUARDED_AVAILABILITY = YES_AGGRESSIVE;
				CLANG_WARN_UNREACHABLE_CODE = YES;
				CLANG_WARN__DUPLICATE_METHOD_MATCH = YES;
				CODE_SIGN_IDENTITY = "iPhone Developer";
				COPY_PHASE_STRIP = NO;
				DEBUG_INFORMATION_FORMAT = "dwarf-with-dsym";
				ENABLE_NS_ASSERTIONS = NO;
				ENABLE_STRICT_OBJC_MSGSEND = YES;
				GCC_C_LANGUAGE_STANDARD = gnu11;
				GCC_NO_COMMON_BLOCKS = YES;
				GCC_WARN_64_TO_32_BIT_CONVERSION = YES;
				GCC_WARN_ABOUT_RETURN_TYPE = YES_ERROR;
				GCC_WARN_UNDECLARED_SELECTOR = YES;
				GCC_WARN_UNINITIALIZED_AUTOS = YES_AGGRESSIVE;
				GCC_WARN_UNUSED_FUNCTION = YES;
				GCC_WARN_UNUSED_VARIABLE = YES;
				IPHONEOS_DEPLOYMENT_TARGET = 12.2;
				MTL_ENABLE_DEBUG_INFO = NO;
				MTL_FAST_MATH = YES;
				SDKROOT = iphoneos;
				SWIFT_COMPILATION_MODE = wholemodule;
				SWIFT_OPTIMIZATION_LEVEL = "-O";
				VALIDATE_PRODUCT = YES;
			};
			name = Release;
		};
		B6C78200230C027F005099E9 /* Debug */ = {
			isa = XCBuildConfiguration;
			buildSettings = {
				ASSETCATALOG_COMPILER_APPICON_NAME = AppIcon;
				CODE_SIGN_STYLE = Automatic;
				DEVELOPMENT_TEAM = Q67V59ZZGA;
				INFOPLIST_FILE = "MC3 Volunteering/Info.plist";
				LD_RUNPATH_SEARCH_PATHS = (
					"$(inherited)",
					"@executable_path/Frameworks",
				);
				PRODUCT_BUNDLE_IDENTIFIER = "com.edvyntanu.MC3-Volunteering";
				PRODUCT_NAME = "$(TARGET_NAME)";
				SWIFT_VERSION = 5.0;
				TARGETED_DEVICE_FAMILY = "1,2";
			};
			name = Debug;
		};
		B6C78201230C027F005099E9 /* Release */ = {
			isa = XCBuildConfiguration;
			buildSettings = {
				ASSETCATALOG_COMPILER_APPICON_NAME = AppIcon;
				CODE_SIGN_STYLE = Automatic;
				DEVELOPMENT_TEAM = Q67V59ZZGA;
				INFOPLIST_FILE = "MC3 Volunteering/Info.plist";
				LD_RUNPATH_SEARCH_PATHS = (
					"$(inherited)",
					"@executable_path/Frameworks",
				);
				PRODUCT_BUNDLE_IDENTIFIER = "com.edvyntanu.MC3-Volunteering";
				PRODUCT_NAME = "$(TARGET_NAME)";
				SWIFT_VERSION = 5.0;
				TARGETED_DEVICE_FAMILY = "1,2";
			};
			name = Release;
		};
/* End XCBuildConfiguration section */

/* Begin XCConfigurationList section */
		B6C781E8230C027E005099E9 /* Build configuration list for PBXProject "MC3 Volunteering" */ = {
			isa = XCConfigurationList;
			buildConfigurations = (
				B6C781FD230C027F005099E9 /* Debug */,
				B6C781FE230C027F005099E9 /* Release */,
			);
			defaultConfigurationIsVisible = 0;
			defaultConfigurationName = Release;
		};
		B6C781FF230C027F005099E9 /* Build configuration list for PBXNativeTarget "MC3 Volunteering" */ = {
			isa = XCConfigurationList;
			buildConfigurations = (
				B6C78200230C027F005099E9 /* Debug */,
				B6C78201230C027F005099E9 /* Release */,
			);
			defaultConfigurationIsVisible = 0;
			defaultConfigurationName = Release;
		};
/* End XCConfigurationList section */
	};
	rootObject = B6C781E5230C027E005099E9 /* Project object */;
}
