// !$*UTF8*$!
{
	archiveVersion = 1;
	classes = {
	};
	objectVersion = 50;
	objects = {

/* Begin PBXBuildFile section */
		0696B6EE3CB5E313D8C46BB6 /* Pods_MC3_Volunteering.framework in Frameworks */ = {isa = PBXBuildFile; fileRef = E4C713F4906C3051A12E73FD /* Pods_MC3_Volunteering.framework */; };
		3114F7EB231D2CD6008EA5B9 /* OnBoardingViewController.swift in Sources */ = {isa = PBXBuildFile; fileRef = 3114F7EA231D2CD6008EA5B9 /* OnBoardingViewController.swift */; };
		3114F7ED231D2E99008EA5B9 /* OnBoardingView.swift in Sources */ = {isa = PBXBuildFile; fileRef = 3114F7EC231D2E99008EA5B9 /* OnBoardingView.swift */; };
		317F750B231E4FB000DFBB2F /* TrobleSignInViewController.swift in Sources */ = {isa = PBXBuildFile; fileRef = 317F750A231E4FB000DFBB2F /* TrobleSignInViewController.swift */; };
		319C7B5923164612008E74E0 /* NotificationViewController.swift in Sources */ = {isa = PBXBuildFile; fileRef = 319C7B5823164612008E74E0 /* NotificationViewController.swift */; };
		319C7B5B231646EA008E74E0 /* NotificationTableViewCell.swift in Sources */ = {isa = PBXBuildFile; fileRef = 319C7B5A231646EA008E74E0 /* NotificationTableViewCell.swift */; };
		319C7B5D2316475F008E74E0 /* NotificationModel.swift in Sources */ = {isa = PBXBuildFile; fileRef = 319C7B5C2316475F008E74E0 /* NotificationModel.swift */; };
		319C7B5F23167782008E74E0 /* SettingProfileViewController.swift in Sources */ = {isa = PBXBuildFile; fileRef = 319C7B5E23167782008E74E0 /* SettingProfileViewController.swift */; };
		31A22CA9231299260005EF81 /* ActivitiesCollectionViewCell.swift in Sources */ = {isa = PBXBuildFile; fileRef = 31A22CA8231299260005EF81 /* ActivitiesCollectionViewCell.swift */; };
		31A22CAC23129DA90005EF81 /* UserModel.swift in Sources */ = {isa = PBXBuildFile; fileRef = 31A22CAB23129DA90005EF81 /* UserModel.swift */; };
		31A22CAE23129DBF0005EF81 /* EventModel.swift in Sources */ = {isa = PBXBuildFile; fileRef = 31A22CAD23129DBF0005EF81 /* EventModel.swift */; };
		31A22CB02312A3EB0005EF81 /* RegisterEventModel.swift in Sources */ = {isa = PBXBuildFile; fileRef = 31A22CAF2312A3EB0005EF81 /* RegisterEventModel.swift */; };
		31A22CB22312AA350005EF81 /* MyActivitiesPage.swift in Sources */ = {isa = PBXBuildFile; fileRef = 31A22CB12312AA350005EF81 /* MyActivitiesPage.swift */; };
		31A22CB42312B4E00005EF81 /* MyActivitiesDetailsPage.swift in Sources */ = {isa = PBXBuildFile; fileRef = 31A22CB32312B4E00005EF81 /* MyActivitiesDetailsPage.swift */; };
		31A38D64231EA1CE0094EE9C /* SearchViewController.swift in Sources */ = {isa = PBXBuildFile; fileRef = 31A38D63231EA1CE0094EE9C /* SearchViewController.swift */; };
		31DC0CE42313E2A100EF75B2 /* FriendListModel.swift in Sources */ = {isa = PBXBuildFile; fileRef = 31DC0CE32313E2A100EF75B2 /* FriendListModel.swift */; };
		31DC0CE62313E46600EF75B2 /* FriendModel.swift in Sources */ = {isa = PBXBuildFile; fileRef = 31DC0CE52313E46600EF75B2 /* FriendModel.swift */; };
		31DC0CE82314015400EF75B2 /* ProfileViewController.swift in Sources */ = {isa = PBXBuildFile; fileRef = 31DC0CE72314015400EF75B2 /* ProfileViewController.swift */; };
		31DC0CEA231411FE00EF75B2 /* ECertificateCollectionViewCell.swift in Sources */ = {isa = PBXBuildFile; fileRef = 31DC0CE9231411FE00EF75B2 /* ECertificateCollectionViewCell.swift */; };
		31DC0CEC23146B3B00EF75B2 /* friendListTableViewCell.swift in Sources */ = {isa = PBXBuildFile; fileRef = 31DC0CEB23146B3B00EF75B2 /* friendListTableViewCell.swift */; };
		31DC0CEE23146C4600EF75B2 /* friendListTableViewController.swift in Sources */ = {isa = PBXBuildFile; fileRef = 31DC0CED23146C4600EF75B2 /* friendListTableViewController.swift */; };
		31E964A52315188B00B728BB /* QRCodeViewController.swift in Sources */ = {isa = PBXBuildFile; fileRef = 31E964A42315188B00B728BB /* QRCodeViewController.swift */; };
		31E964A723153EB000B728BB /* CameraViewController.swift in Sources */ = {isa = PBXBuildFile; fileRef = 31E964A623153EB000B728BB /* CameraViewController.swift */; };
		B6163A0E231013C400288352 /* CustomImageViewRounded.swift in Sources */ = {isa = PBXBuildFile; fileRef = B6163A0D231013C400288352 /* CustomImageViewRounded.swift */; };
		B6163A12231017AA00288352 /* TanggalCollectionView.swift in Sources */ = {isa = PBXBuildFile; fileRef = B6163A11231017AA00288352 /* TanggalCollectionView.swift */; };
		B6163A14231235E200288352 /* FriendListController.swift in Sources */ = {isa = PBXBuildFile; fileRef = B6163A13231235E200288352 /* FriendListController.swift */; };
		B6163A16231236A500288352 /* ClickableTableViewCell.swift in Sources */ = {isa = PBXBuildFile; fileRef = B6163A15231236A500288352 /* ClickableTableViewCell.swift */; };
		B6C781F1230C027E005099E9 /* AppDelegate.swift in Sources */ = {isa = PBXBuildFile; fileRef = B6C781F0230C027E005099E9 /* AppDelegate.swift */; };
		B6C781F3230C027E005099E9 /* HomeViewController.swift in Sources */ = {isa = PBXBuildFile; fileRef = B6C781F2230C027E005099E9 /* HomeViewController.swift */; };
		B6C781F6230C027E005099E9 /* Main.storyboard in Resources */ = {isa = PBXBuildFile; fileRef = B6C781F4230C027E005099E9 /* Main.storyboard */; };
		B6C781F8230C027F005099E9 /* Assets.xcassets in Resources */ = {isa = PBXBuildFile; fileRef = B6C781F7230C027F005099E9 /* Assets.xcassets */; };
		B6C781FB230C027F005099E9 /* LaunchScreen.storyboard in Resources */ = {isa = PBXBuildFile; fileRef = B6C781F9230C027F005099E9 /* LaunchScreen.storyboard */; };
		B6C78203230C02D3005099E9 /* HomeCustomCollectionView.swift in Sources */ = {isa = PBXBuildFile; fileRef = B6C78202230C02D3005099E9 /* HomeCustomCollectionView.swift */; };
		B6C7820F230D500E005099E9 /* HomeCustomTableViewCell.swift in Sources */ = {isa = PBXBuildFile; fileRef = B6C7820E230D500E005099E9 /* HomeCustomTableViewCell.swift */; };
		B6C78211230D63B0005099E9 /* EventDetailController.swift in Sources */ = {isa = PBXBuildFile; fileRef = B6C78210230D63B0005099E9 /* EventDetailController.swift */; };
		C36C0D4E2317CF600012F75D /* QueryAddEvent.swift in Sources */ = {isa = PBXBuildFile; fileRef = C36C0D372317CF600012F75D /* QueryAddEvent.swift */; };
		C36C0D4F2317CF600012F75D /* QueryRegisterEventWithFriends.swift in Sources */ = {isa = PBXBuildFile; fileRef = C36C0D382317CF600012F75D /* QueryRegisterEventWithFriends.swift */; };
		C36C0D502317CF600012F75D /* QueryMyActivities.swift in Sources */ = {isa = PBXBuildFile; fileRef = C36C0D392317CF600012F75D /* QueryMyActivities.swift */; };
		C36C0D512317CF600012F75D /* QueryFriendListView.swift in Sources */ = {isa = PBXBuildFile; fileRef = C36C0D3A2317CF600012F75D /* QueryFriendListView.swift */; };
		C36C0D522317CF600012F75D /* QueryRegister.swift in Sources */ = {isa = PBXBuildFile; fileRef = C36C0D3B2317CF600012F75D /* QueryRegister.swift */; };
		C36C0D532317CF600012F75D /* QueryAddFriend.swift in Sources */ = {isa = PBXBuildFile; fileRef = C36C0D3C2317CF600012F75D /* QueryAddFriend.swift */; };
		C36C0D542317CF600012F75D /* QueryLogin.swift in Sources */ = {isa = PBXBuildFile; fileRef = C36C0D3D2317CF600012F75D /* QueryLogin.swift */; };
		C36C0D552317CF600012F75D /* QueryRegisterEventAlone.swift in Sources */ = {isa = PBXBuildFile; fileRef = C36C0D3E2317CF600012F75D /* QueryRegisterEventAlone.swift */; };
		C36C0D562317CF600012F75D /* QueryMyProfile.swift in Sources */ = {isa = PBXBuildFile; fileRef = C36C0D3F2317CF600012F75D /* QueryMyProfile.swift */; };
		C36C0D572317CF600012F75D /* RemoteNotifications.swift in Sources */ = {isa = PBXBuildFile; fileRef = C36C0D412317CF600012F75D /* RemoteNotifications.swift */; };
		C36C0D582317CF600012F75D /* RemoteUsers.swift in Sources */ = {isa = PBXBuildFile; fileRef = C36C0D422317CF600012F75D /* RemoteUsers.swift */; };
		C36C0D592317CF600012F75D /* RemoteEvents.swift in Sources */ = {isa = PBXBuildFile; fileRef = C36C0D432317CF600012F75D /* RemoteEvents.swift */; };
		C36C0D5A2317CF600012F75D /* RemoteInviteEvents.swift in Sources */ = {isa = PBXBuildFile; fileRef = C36C0D442317CF600012F75D /* RemoteInviteEvents.swift */; };
		C36C0D5B2317CF600012F75D /* DBConnection.swift in Sources */ = {isa = PBXBuildFile; fileRef = C36C0D452317CF600012F75D /* DBConnection.swift */; };
		C36C0D5C2317CF600012F75D /* RemoteRecords.swift in Sources */ = {isa = PBXBuildFile; fileRef = C36C0D462317CF600012F75D /* RemoteRecords.swift */; };
		C36C0D5D2317CF600012F75D /* RemoteFriends.swift in Sources */ = {isa = PBXBuildFile; fileRef = C36C0D472317CF600012F75D /* RemoteFriends.swift */; };
		C36C0D5E2317CF600012F75D /* QueryAddData.swift in Sources */ = {isa = PBXBuildFile; fileRef = C36C0D482317CF600012F75D /* QueryAddData.swift */; };
		C36C0D5F2317CF600012F75D /* RemoteCertificates.swift in Sources */ = {isa = PBXBuildFile; fileRef = C36C0D492317CF600012F75D /* RemoteCertificates.swift */; };
		C36C0D602317CF600012F75D /* RemoteRegisterEvents.swift in Sources */ = {isa = PBXBuildFile; fileRef = C36C0D4A2317CF600012F75D /* RemoteRegisterEvents.swift */; };
		C36C0D612317CF600012F75D /* QueryReadData.swift in Sources */ = {isa = PBXBuildFile; fileRef = C36C0D4B2317CF600012F75D /* QueryReadData.swift */; };
		C36C0D622317CF600012F75D /* gambar1.jpg in Resources */ = {isa = PBXBuildFile; fileRef = C36C0D4D2317CF600012F75D /* gambar1.jpg */; };
		C36C0D642317D6AB0012F75D /* InitDataViewController.swift in Sources */ = {isa = PBXBuildFile; fileRef = C36C0D632317D6AB0012F75D /* InitDataViewController.swift */; };
		C36C0D672317DC650012F75D /* CloudKit.framework in Frameworks */ = {isa = PBXBuildFile; fileRef = C36C0D662317DC650012F75D /* CloudKit.framework */; };
		E9775801230D6D6F00A9A3D0 /* LoginPageController.swift in Sources */ = {isa = PBXBuildFile; fileRef = E9775800230D6D6F00A9A3D0 /* LoginPageController.swift */; };
		E9775803230D6E4F00A9A3D0 /* ViewControllerSignUp.swift in Sources */ = {isa = PBXBuildFile; fileRef = E9775802230D6E4F00A9A3D0 /* ViewControllerSignUp.swift */; };
		E9775805230D6E5B00A9A3D0 /* ForgotPassword.swift in Sources */ = {isa = PBXBuildFile; fileRef = E9775804230D6E5B00A9A3D0 /* ForgotPassword.swift */; };
/* End PBXBuildFile section */

/* Begin PBXFileReference section */
		3114F7EA231D2CD6008EA5B9 /* OnBoardingViewController.swift */ = {isa = PBXFileReference; lastKnownFileType = sourcecode.swift; path = OnBoardingViewController.swift; sourceTree = "<group>"; };
		3114F7EC231D2E99008EA5B9 /* OnBoardingView.swift */ = {isa = PBXFileReference; lastKnownFileType = sourcecode.swift; path = OnBoardingView.swift; sourceTree = "<group>"; };
		317F750A231E4FB000DFBB2F /* TrobleSignInViewController.swift */ = {isa = PBXFileReference; lastKnownFileType = sourcecode.swift; path = TrobleSignInViewController.swift; sourceTree = "<group>"; };
		319C7B5823164612008E74E0 /* NotificationViewController.swift */ = {isa = PBXFileReference; lastKnownFileType = sourcecode.swift; path = NotificationViewController.swift; sourceTree = "<group>"; };
		319C7B5A231646EA008E74E0 /* NotificationTableViewCell.swift */ = {isa = PBXFileReference; lastKnownFileType = sourcecode.swift; path = NotificationTableViewCell.swift; sourceTree = "<group>"; };
		319C7B5C2316475F008E74E0 /* NotificationModel.swift */ = {isa = PBXFileReference; lastKnownFileType = sourcecode.swift; path = NotificationModel.swift; sourceTree = "<group>"; };
		319C7B5E23167782008E74E0 /* SettingProfileViewController.swift */ = {isa = PBXFileReference; lastKnownFileType = sourcecode.swift; path = SettingProfileViewController.swift; sourceTree = "<group>"; };
		31A22CA8231299260005EF81 /* ActivitiesCollectionViewCell.swift */ = {isa = PBXFileReference; lastKnownFileType = sourcecode.swift; path = ActivitiesCollectionViewCell.swift; sourceTree = "<group>"; };
		31A22CAB23129DA90005EF81 /* UserModel.swift */ = {isa = PBXFileReference; lastKnownFileType = sourcecode.swift; path = UserModel.swift; sourceTree = "<group>"; };
		31A22CAD23129DBF0005EF81 /* EventModel.swift */ = {isa = PBXFileReference; lastKnownFileType = sourcecode.swift; path = EventModel.swift; sourceTree = "<group>"; };
		31A22CAF2312A3EB0005EF81 /* RegisterEventModel.swift */ = {isa = PBXFileReference; lastKnownFileType = sourcecode.swift; path = RegisterEventModel.swift; sourceTree = "<group>"; };
		31A22CB12312AA350005EF81 /* MyActivitiesPage.swift */ = {isa = PBXFileReference; lastKnownFileType = sourcecode.swift; path = MyActivitiesPage.swift; sourceTree = "<group>"; };
		31A22CB32312B4E00005EF81 /* MyActivitiesDetailsPage.swift */ = {isa = PBXFileReference; lastKnownFileType = sourcecode.swift; path = MyActivitiesDetailsPage.swift; sourceTree = "<group>"; };
		31A38D63231EA1CE0094EE9C /* SearchViewController.swift */ = {isa = PBXFileReference; lastKnownFileType = sourcecode.swift; path = SearchViewController.swift; sourceTree = "<group>"; };
		31DC0CE32313E2A100EF75B2 /* FriendListModel.swift */ = {isa = PBXFileReference; lastKnownFileType = sourcecode.swift; path = FriendListModel.swift; sourceTree = "<group>"; };
		31DC0CE52313E46600EF75B2 /* FriendModel.swift */ = {isa = PBXFileReference; lastKnownFileType = sourcecode.swift; path = FriendModel.swift; sourceTree = "<group>"; };
		31DC0CE72314015400EF75B2 /* ProfileViewController.swift */ = {isa = PBXFileReference; lastKnownFileType = sourcecode.swift; path = ProfileViewController.swift; sourceTree = "<group>"; };
		31DC0CE9231411FE00EF75B2 /* ECertificateCollectionViewCell.swift */ = {isa = PBXFileReference; lastKnownFileType = sourcecode.swift; path = ECertificateCollectionViewCell.swift; sourceTree = "<group>"; };
		31DC0CEB23146B3B00EF75B2 /* friendListTableViewCell.swift */ = {isa = PBXFileReference; lastKnownFileType = sourcecode.swift; path = friendListTableViewCell.swift; sourceTree = "<group>"; };
		31DC0CED23146C4600EF75B2 /* friendListTableViewController.swift */ = {isa = PBXFileReference; lastKnownFileType = sourcecode.swift; path = friendListTableViewController.swift; sourceTree = "<group>"; };
		31E964A42315188B00B728BB /* QRCodeViewController.swift */ = {isa = PBXFileReference; lastKnownFileType = sourcecode.swift; path = QRCodeViewController.swift; sourceTree = "<group>"; };
		31E964A623153EB000B728BB /* CameraViewController.swift */ = {isa = PBXFileReference; lastKnownFileType = sourcecode.swift; path = CameraViewController.swift; sourceTree = "<group>"; };
		9C5DA073C85EA18D4B0C4C24 /* Pods-MC3 Volunteering.release.xcconfig */ = {isa = PBXFileReference; includeInIndex = 1; lastKnownFileType = text.xcconfig; name = "Pods-MC3 Volunteering.release.xcconfig"; path = "Target Support Files/Pods-MC3 Volunteering/Pods-MC3 Volunteering.release.xcconfig"; sourceTree = "<group>"; };
		AAADC8FDE4AB23146CE4981B /* Pods-MC3 Volunteering.debug.xcconfig */ = {isa = PBXFileReference; includeInIndex = 1; lastKnownFileType = text.xcconfig; name = "Pods-MC3 Volunteering.debug.xcconfig"; path = "Target Support Files/Pods-MC3 Volunteering/Pods-MC3 Volunteering.debug.xcconfig"; sourceTree = "<group>"; };
		B6163A0D231013C400288352 /* CustomImageViewRounded.swift */ = {isa = PBXFileReference; lastKnownFileType = sourcecode.swift; path = CustomImageViewRounded.swift; sourceTree = "<group>"; };
		B6163A11231017AA00288352 /* TanggalCollectionView.swift */ = {isa = PBXFileReference; lastKnownFileType = sourcecode.swift; path = TanggalCollectionView.swift; sourceTree = "<group>"; };
		B6163A13231235E200288352 /* FriendListController.swift */ = {isa = PBXFileReference; lastKnownFileType = sourcecode.swift; path = FriendListController.swift; sourceTree = "<group>"; };
		B6163A15231236A500288352 /* ClickableTableViewCell.swift */ = {isa = PBXFileReference; lastKnownFileType = sourcecode.swift; path = ClickableTableViewCell.swift; sourceTree = "<group>"; };
		B6C781ED230C027E005099E9 /* MC3 Volunteering.app */ = {isa = PBXFileReference; explicitFileType = wrapper.application; includeInIndex = 0; path = "MC3 Volunteering.app"; sourceTree = BUILT_PRODUCTS_DIR; };
		B6C781F0230C027E005099E9 /* AppDelegate.swift */ = {isa = PBXFileReference; lastKnownFileType = sourcecode.swift; path = AppDelegate.swift; sourceTree = "<group>"; };
		B6C781F2230C027E005099E9 /* HomeViewController.swift */ = {isa = PBXFileReference; lastKnownFileType = sourcecode.swift; path = HomeViewController.swift; sourceTree = "<group>"; };
		B6C781F5230C027E005099E9 /* Base */ = {isa = PBXFileReference; lastKnownFileType = file.storyboard; name = Base; path = Base.lproj/Main.storyboard; sourceTree = "<group>"; };
		B6C781F7230C027F005099E9 /* Assets.xcassets */ = {isa = PBXFileReference; lastKnownFileType = folder.assetcatalog; path = Assets.xcassets; sourceTree = "<group>"; };
		B6C781FA230C027F005099E9 /* Base */ = {isa = PBXFileReference; lastKnownFileType = file.storyboard; name = Base; path = Base.lproj/LaunchScreen.storyboard; sourceTree = "<group>"; };
		B6C781FC230C027F005099E9 /* Info.plist */ = {isa = PBXFileReference; lastKnownFileType = text.plist.xml; path = Info.plist; sourceTree = "<group>"; };
		B6C78202230C02D3005099E9 /* HomeCustomCollectionView.swift */ = {isa = PBXFileReference; lastKnownFileType = sourcecode.swift; path = HomeCustomCollectionView.swift; sourceTree = "<group>"; };
		B6C7820E230D500E005099E9 /* HomeCustomTableViewCell.swift */ = {isa = PBXFileReference; lastKnownFileType = sourcecode.swift; path = HomeCustomTableViewCell.swift; sourceTree = "<group>"; };
		B6C78210230D63B0005099E9 /* EventDetailController.swift */ = {isa = PBXFileReference; lastKnownFileType = sourcecode.swift; path = EventDetailController.swift; sourceTree = "<group>"; };
		C36C0D372317CF600012F75D /* QueryAddEvent.swift */ = {isa = PBXFileReference; fileEncoding = 4; lastKnownFileType = sourcecode.swift; path = QueryAddEvent.swift; sourceTree = "<group>"; };
		C36C0D382317CF600012F75D /* QueryRegisterEventWithFriends.swift */ = {isa = PBXFileReference; fileEncoding = 4; lastKnownFileType = sourcecode.swift; path = QueryRegisterEventWithFriends.swift; sourceTree = "<group>"; };
		C36C0D392317CF600012F75D /* QueryMyActivities.swift */ = {isa = PBXFileReference; fileEncoding = 4; lastKnownFileType = sourcecode.swift; path = QueryMyActivities.swift; sourceTree = "<group>"; };
		C36C0D3A2317CF600012F75D /* QueryFriendListView.swift */ = {isa = PBXFileReference; fileEncoding = 4; lastKnownFileType = sourcecode.swift; path = QueryFriendListView.swift; sourceTree = "<group>"; };
		C36C0D3B2317CF600012F75D /* QueryRegister.swift */ = {isa = PBXFileReference; fileEncoding = 4; lastKnownFileType = sourcecode.swift; path = QueryRegister.swift; sourceTree = "<group>"; };
		C36C0D3C2317CF600012F75D /* QueryAddFriend.swift */ = {isa = PBXFileReference; fileEncoding = 4; lastKnownFileType = sourcecode.swift; path = QueryAddFriend.swift; sourceTree = "<group>"; };
		C36C0D3D2317CF600012F75D /* QueryLogin.swift */ = {isa = PBXFileReference; fileEncoding = 4; lastKnownFileType = sourcecode.swift; path = QueryLogin.swift; sourceTree = "<group>"; };
		C36C0D3E2317CF600012F75D /* QueryRegisterEventAlone.swift */ = {isa = PBXFileReference; fileEncoding = 4; lastKnownFileType = sourcecode.swift; path = QueryRegisterEventAlone.swift; sourceTree = "<group>"; };
		C36C0D3F2317CF600012F75D /* QueryMyProfile.swift */ = {isa = PBXFileReference; fileEncoding = 4; lastKnownFileType = sourcecode.swift; path = QueryMyProfile.swift; sourceTree = "<group>"; };
		C36C0D412317CF600012F75D /* RemoteNotifications.swift */ = {isa = PBXFileReference; fileEncoding = 4; lastKnownFileType = sourcecode.swift; path = RemoteNotifications.swift; sourceTree = "<group>"; };
		C36C0D422317CF600012F75D /* RemoteUsers.swift */ = {isa = PBXFileReference; fileEncoding = 4; lastKnownFileType = sourcecode.swift; path = RemoteUsers.swift; sourceTree = "<group>"; };
		C36C0D432317CF600012F75D /* RemoteEvents.swift */ = {isa = PBXFileReference; fileEncoding = 4; lastKnownFileType = sourcecode.swift; path = RemoteEvents.swift; sourceTree = "<group>"; };
		C36C0D442317CF600012F75D /* RemoteInviteEvents.swift */ = {isa = PBXFileReference; fileEncoding = 4; lastKnownFileType = sourcecode.swift; path = RemoteInviteEvents.swift; sourceTree = "<group>"; };
		C36C0D452317CF600012F75D /* DBConnection.swift */ = {isa = PBXFileReference; fileEncoding = 4; lastKnownFileType = sourcecode.swift; path = DBConnection.swift; sourceTree = "<group>"; };
		C36C0D462317CF600012F75D /* RemoteRecords.swift */ = {isa = PBXFileReference; fileEncoding = 4; lastKnownFileType = sourcecode.swift; path = RemoteRecords.swift; sourceTree = "<group>"; };
		C36C0D472317CF600012F75D /* RemoteFriends.swift */ = {isa = PBXFileReference; fileEncoding = 4; lastKnownFileType = sourcecode.swift; path = RemoteFriends.swift; sourceTree = "<group>"; };
		C36C0D482317CF600012F75D /* QueryAddData.swift */ = {isa = PBXFileReference; fileEncoding = 4; lastKnownFileType = sourcecode.swift; path = QueryAddData.swift; sourceTree = "<group>"; };
		C36C0D492317CF600012F75D /* RemoteCertificates.swift */ = {isa = PBXFileReference; fileEncoding = 4; lastKnownFileType = sourcecode.swift; path = RemoteCertificates.swift; sourceTree = "<group>"; };
		C36C0D4A2317CF600012F75D /* RemoteRegisterEvents.swift */ = {isa = PBXFileReference; fileEncoding = 4; lastKnownFileType = sourcecode.swift; path = RemoteRegisterEvents.swift; sourceTree = "<group>"; };
		C36C0D4B2317CF600012F75D /* QueryReadData.swift */ = {isa = PBXFileReference; fileEncoding = 4; lastKnownFileType = sourcecode.swift; path = QueryReadData.swift; sourceTree = "<group>"; };
		C36C0D4D2317CF600012F75D /* gambar1.jpg */ = {isa = PBXFileReference; lastKnownFileType = image.jpeg; path = gambar1.jpg; sourceTree = "<group>"; };
		C36C0D632317D6AB0012F75D /* InitDataViewController.swift */ = {isa = PBXFileReference; lastKnownFileType = sourcecode.swift; path = InitDataViewController.swift; sourceTree = "<group>"; };
		C36C0D652317DC610012F75D /* MC3 Volunteering.entitlements */ = {isa = PBXFileReference; lastKnownFileType = text.plist.entitlements; path = "MC3 Volunteering.entitlements"; sourceTree = "<group>"; };
		C36C0D662317DC650012F75D /* CloudKit.framework */ = {isa = PBXFileReference; lastKnownFileType = wrapper.framework; name = CloudKit.framework; path = System/Library/Frameworks/CloudKit.framework; sourceTree = SDKROOT; };
		E4C713F4906C3051A12E73FD /* Pods_MC3_Volunteering.framework */ = {isa = PBXFileReference; explicitFileType = wrapper.framework; includeInIndex = 0; path = Pods_MC3_Volunteering.framework; sourceTree = BUILT_PRODUCTS_DIR; };
		E9775800230D6D6F00A9A3D0 /* LoginPageController.swift */ = {isa = PBXFileReference; lastKnownFileType = sourcecode.swift; path = LoginPageController.swift; sourceTree = "<group>"; };
		E9775802230D6E4F00A9A3D0 /* ViewControllerSignUp.swift */ = {isa = PBXFileReference; fileEncoding = 4; lastKnownFileType = sourcecode.swift; path = ViewControllerSignUp.swift; sourceTree = "<group>"; };
		E9775804230D6E5B00A9A3D0 /* ForgotPassword.swift */ = {isa = PBXFileReference; fileEncoding = 4; lastKnownFileType = sourcecode.swift; path = ForgotPassword.swift; sourceTree = "<group>"; };
/* End PBXFileReference section */

/* Begin PBXFrameworksBuildPhase section */
		B6C781EA230C027E005099E9 /* Frameworks */ = {
			isa = PBXFrameworksBuildPhase;
			buildActionMask = 2147483647;
			files = (
				C36C0D672317DC650012F75D /* CloudKit.framework in Frameworks */,
				0696B6EE3CB5E313D8C46BB6 /* Pods_MC3_Volunteering.framework in Frameworks */,
			);
			runOnlyForDeploymentPostprocessing = 0;
		};
/* End PBXFrameworksBuildPhase section */

/* Begin PBXGroup section */
		31A22CAA23129D7F0005EF81 /* Model */ = {
			isa = PBXGroup;
			children = (
				31A22CAB23129DA90005EF81 /* UserModel.swift */,
				31A22CAD23129DBF0005EF81 /* EventModel.swift */,
				31A22CAF2312A3EB0005EF81 /* RegisterEventModel.swift */,
				31DC0CE32313E2A100EF75B2 /* FriendListModel.swift */,
				31DC0CE52313E46600EF75B2 /* FriendModel.swift */,
				319C7B5C2316475F008E74E0 /* NotificationModel.swift */,
			);
			path = Model;
			sourceTree = "<group>";
		};
		806E8128CBB6712A4AEBECAB /* Pods */ = {
			isa = PBXGroup;
			children = (
				AAADC8FDE4AB23146CE4981B /* Pods-MC3 Volunteering.debug.xcconfig */,
				9C5DA073C85EA18D4B0C4C24 /* Pods-MC3 Volunteering.release.xcconfig */,
			);
			path = Pods;
			sourceTree = "<group>";
		};
		B6C781E4230C027E005099E9 = {
			isa = PBXGroup;
			children = (
				B6C781EF230C027E005099E9 /* MC3 Volunteering */,
				B6C781EE230C027E005099E9 /* Products */,
				B6C78212230D6675005099E9 /* Frameworks */,
				806E8128CBB6712A4AEBECAB /* Pods */,
			);
			sourceTree = "<group>";
		};
		B6C781EE230C027E005099E9 /* Products */ = {
			isa = PBXGroup;
			children = (
				B6C781ED230C027E005099E9 /* MC3 Volunteering.app */,
			);
			name = Products;
			sourceTree = "<group>";
		};
		B6C781EF230C027E005099E9 /* MC3 Volunteering */ = {
			isa = PBXGroup;
			children = (
				C36C0D652317DC610012F75D /* MC3 Volunteering.entitlements */,
				C36C0D402317CF600012F75D /* CloudkitSettings */,
				C36C0D4C2317CF600012F75D /* Images */,
				C36C0D362317CF600012F75D /* Query */,
				B6C781F0230C027E005099E9 /* AppDelegate.swift */,
				B6C781F4230C027E005099E9 /* Main.storyboard */,
				31A22CAA23129D7F0005EF81 /* Model */,
				B6C7820B230D171D005099E9 /* Controller */,
				B6C78204230C2AA0005099E9 /* Class */,
				B6C781F7230C027F005099E9 /* Assets.xcassets */,
				B6C781F9230C027F005099E9 /* LaunchScreen.storyboard */,
				B6C781FC230C027F005099E9 /* Info.plist */,
			);
			path = "MC3 Volunteering";
			sourceTree = "<group>";
		};
		B6C78204230C2AA0005099E9 /* Class */ = {
			isa = PBXGroup;
			children = (
				3114F7EC231D2E99008EA5B9 /* OnBoardingView.swift */,
				319C7B5A231646EA008E74E0 /* NotificationTableViewCell.swift */,
				31DC0CEB23146B3B00EF75B2 /* friendListTableViewCell.swift */,
				31A22CA8231299260005EF81 /* ActivitiesCollectionViewCell.swift */,
				B6163A11231017AA00288352 /* TanggalCollectionView.swift */,
				B6C7820E230D500E005099E9 /* HomeCustomTableViewCell.swift */,
				B6C78202230C02D3005099E9 /* HomeCustomCollectionView.swift */,
				B6163A0D231013C400288352 /* CustomImageViewRounded.swift */,
				B6163A15231236A500288352 /* ClickableTableViewCell.swift */,
				31DC0CE9231411FE00EF75B2 /* ECertificateCollectionViewCell.swift */,
			);
			path = Class;
			sourceTree = "<group>";
		};
		B6C7820B230D171D005099E9 /* Controller */ = {
			isa = PBXGroup;
			children = (
				317F750A231E4FB000DFBB2F /* TrobleSignInViewController.swift */,
				3114F7EA231D2CD6008EA5B9 /* OnBoardingViewController.swift */,
				B6C781F2230C027E005099E9 /* HomeViewController.swift */,
				31E964A42315188B00B728BB /* QRCodeViewController.swift */,
				E9775802230D6E4F00A9A3D0 /* ViewControllerSignUp.swift */,
				E9775804230D6E5B00A9A3D0 /* ForgotPassword.swift */,
				B6C78210230D63B0005099E9 /* EventDetailController.swift */,
				B6163A13231235E200288352 /* FriendListController.swift */,
				31A22CB12312AA350005EF81 /* MyActivitiesPage.swift */,
				31A22CB32312B4E00005EF81 /* MyActivitiesDetailsPage.swift */,
				31DC0CED23146C4600EF75B2 /* friendListTableViewController.swift */,
				E9775800230D6D6F00A9A3D0 /* LoginPageController.swift */,
				31E964A623153EB000B728BB /* CameraViewController.swift */,
				319C7B5823164612008E74E0 /* NotificationViewController.swift */,
				31DC0CE72314015400EF75B2 /* ProfileViewController.swift */,
				319C7B5E23167782008E74E0 /* SettingProfileViewController.swift */,
				C36C0D632317D6AB0012F75D /* InitDataViewController.swift */,
				31A38D63231EA1CE0094EE9C /* SearchViewController.swift */,
			);
			path = Controller;
			sourceTree = "<group>";
		};
		B6C78212230D6675005099E9 /* Frameworks */ = {
			isa = PBXGroup;
			children = (
				C36C0D662317DC650012F75D /* CloudKit.framework */,
				E4C713F4906C3051A12E73FD /* Pods_MC3_Volunteering.framework */,
			);
			name = Frameworks;
			sourceTree = "<group>";
		};
		C36C0D362317CF600012F75D /* Query */ = {
			isa = PBXGroup;
			children = (
				C36C0D372317CF600012F75D /* QueryAddEvent.swift */,
				C36C0D382317CF600012F75D /* QueryRegisterEventWithFriends.swift */,
				C36C0D392317CF600012F75D /* QueryMyActivities.swift */,
				C36C0D3A2317CF600012F75D /* QueryFriendListView.swift */,
				C36C0D3B2317CF600012F75D /* QueryRegister.swift */,
				C36C0D3C2317CF600012F75D /* QueryAddFriend.swift */,
				C36C0D3D2317CF600012F75D /* QueryLogin.swift */,
				C36C0D3E2317CF600012F75D /* QueryRegisterEventAlone.swift */,
				C36C0D3F2317CF600012F75D /* QueryMyProfile.swift */,
			);
			path = Query;
			sourceTree = "<group>";
		};
		C36C0D402317CF600012F75D /* CloudkitSettings */ = {
			isa = PBXGroup;
			children = (
				C36C0D412317CF600012F75D /* RemoteNotifications.swift */,
				C36C0D422317CF600012F75D /* RemoteUsers.swift */,
				C36C0D432317CF600012F75D /* RemoteEvents.swift */,
				C36C0D442317CF600012F75D /* RemoteInviteEvents.swift */,
				C36C0D452317CF600012F75D /* DBConnection.swift */,
				C36C0D462317CF600012F75D /* RemoteRecords.swift */,
				C36C0D472317CF600012F75D /* RemoteFriends.swift */,
				C36C0D482317CF600012F75D /* QueryAddData.swift */,
				C36C0D492317CF600012F75D /* RemoteCertificates.swift */,
				C36C0D4A2317CF600012F75D /* RemoteRegisterEvents.swift */,
				C36C0D4B2317CF600012F75D /* QueryReadData.swift */,
			);
			path = CloudkitSettings;
			sourceTree = "<group>";
		};
		C36C0D4C2317CF600012F75D /* Images */ = {
			isa = PBXGroup;
			children = (
				C36C0D4D2317CF600012F75D /* gambar1.jpg */,
			);
			path = Images;
			sourceTree = "<group>";
		};
/* End PBXGroup section */

/* Begin PBXNativeTarget section */
		B6C781EC230C027E005099E9 /* MC3 Volunteering */ = {
			isa = PBXNativeTarget;
			buildConfigurationList = B6C781FF230C027F005099E9 /* Build configuration list for PBXNativeTarget "MC3 Volunteering" */;
			buildPhases = (
				07657B4E341FE87AD6402133 /* [CP] Check Pods Manifest.lock */,
				B6C781E9230C027E005099E9 /* Sources */,
				B6C781EA230C027E005099E9 /* Frameworks */,
				B6C781EB230C027E005099E9 /* Resources */,
				DF3F0933184DE6BB32805805 /* [CP] Embed Pods Frameworks */,
			);
			buildRules = (
			);
			dependencies = (
			);
			name = "MC3 Volunteering";
			productName = "MC3 Volunteering";
			productReference = B6C781ED230C027E005099E9 /* MC3 Volunteering.app */;
			productType = "com.apple.product-type.application";
		};
/* End PBXNativeTarget section */

/* Begin PBXProject section */
		B6C781E5230C027E005099E9 /* Project object */ = {
			isa = PBXProject;
			attributes = {
				LastSwiftUpdateCheck = 1020;
				LastUpgradeCheck = 1020;
				ORGANIZATIONNAME = "Silamitra Edvyn Tanu";
				TargetAttributes = {
					B6C781EC230C027E005099E9 = {
						CreatedOnToolsVersion = 10.2.1;
						SystemCapabilities = {
							com.apple.BackgroundModes = {
								enabled = 1;
							};
							com.apple.Maps.iOS = {
								enabled = 0;
							};
							com.apple.Push = {
								enabled = 1;
							};
							com.apple.iCloud = {
								enabled = 1;
							};
						};
					};
				};
			};
			buildConfigurationList = B6C781E8230C027E005099E9 /* Build configuration list for PBXProject "MC3 Volunteering" */;
			compatibilityVersion = "Xcode 9.3";
			developmentRegion = en;
			hasScannedForEncodings = 0;
			knownRegions = (
				en,
				Base,
			);
			mainGroup = B6C781E4230C027E005099E9;
			productRefGroup = B6C781EE230C027E005099E9 /* Products */;
			projectDirPath = "";
			projectRoot = "";
			targets = (
				B6C781EC230C027E005099E9 /* MC3 Volunteering */,
			);
		};
/* End PBXProject section */

/* Begin PBXResourcesBuildPhase section */
		B6C781EB230C027E005099E9 /* Resources */ = {
			isa = PBXResourcesBuildPhase;
			buildActionMask = 2147483647;
			files = (
				B6C781FB230C027F005099E9 /* LaunchScreen.storyboard in Resources */,
				C36C0D622317CF600012F75D /* gambar1.jpg in Resources */,
				B6C781F8230C027F005099E9 /* Assets.xcassets in Resources */,
				B6C781F6230C027E005099E9 /* Main.storyboard in Resources */,
			);
			runOnlyForDeploymentPostprocessing = 0;
		};
/* End PBXResourcesBuildPhase section */

/* Begin PBXShellScriptBuildPhase section */
		07657B4E341FE87AD6402133 /* [CP] Check Pods Manifest.lock */ = {
			isa = PBXShellScriptBuildPhase;
			buildActionMask = 2147483647;
			files = (
			);
			inputFileListPaths = (
			);
			inputPaths = (
				"${PODS_PODFILE_DIR_PATH}/Podfile.lock",
				"${PODS_ROOT}/Manifest.lock",
			);
			name = "[CP] Check Pods Manifest.lock";
			outputFileListPaths = (
			);
			outputPaths = (
				"$(DERIVED_FILE_DIR)/Pods-MC3 Volunteering-checkManifestLockResult.txt",
			);
			runOnlyForDeploymentPostprocessing = 0;
			shellPath = /bin/sh;
			shellScript = "diff \"${PODS_PODFILE_DIR_PATH}/Podfile.lock\" \"${PODS_ROOT}/Manifest.lock\" > /dev/null\nif [ $? != 0 ] ; then\n    # print error to STDERR\n    echo \"error: The sandbox is not in sync with the Podfile.lock. Run 'pod install' or update your CocoaPods installation.\" >&2\n    exit 1\nfi\n# This output is used by Xcode 'outputs' to avoid re-running this script phase.\necho \"SUCCESS\" > \"${SCRIPT_OUTPUT_FILE_0}\"\n";
			showEnvVarsInLog = 0;
		};
		DF3F0933184DE6BB32805805 /* [CP] Embed Pods Frameworks */ = {
			isa = PBXShellScriptBuildPhase;
			buildActionMask = 2147483647;
			files = (
			);
			inputFileListPaths = (
			);
			inputPaths = (
				"${PODS_ROOT}/Target Support Files/Pods-MC3 Volunteering/Pods-MC3 Volunteering-frameworks.sh",
				"${BUILT_PRODUCTS_DIR}/paper-onboarding/paper_onboarding.framework",
			);
			name = "[CP] Embed Pods Frameworks";
			outputFileListPaths = (
			);
			outputPaths = (
				"${TARGET_BUILD_DIR}/${FRAMEWORKS_FOLDER_PATH}/paper_onboarding.framework",
			);
			runOnlyForDeploymentPostprocessing = 0;
			shellPath = /bin/sh;
			shellScript = "\"${PODS_ROOT}/Target Support Files/Pods-MC3 Volunteering/Pods-MC3 Volunteering-frameworks.sh\"\n";
			showEnvVarsInLog = 0;
		};
/* End PBXShellScriptBuildPhase section */

/* Begin PBXSourcesBuildPhase section */
		B6C781E9230C027E005099E9 /* Sources */ = {
			isa = PBXSourcesBuildPhase;
			buildActionMask = 2147483647;
			files = (
				31DC0CE62313E46600EF75B2 /* FriendModel.swift in Sources */,
				B6C78203230C02D3005099E9 /* HomeCustomCollectionView.swift in Sources */,
				317F750B231E4FB000DFBB2F /* TrobleSignInViewController.swift in Sources */,
				C36C0D522317CF600012F75D /* QueryRegister.swift in Sources */,
				C36C0D5E2317CF600012F75D /* QueryAddData.swift in Sources */,
				319C7B5923164612008E74E0 /* NotificationViewController.swift in Sources */,
				C36C0D5F2317CF600012F75D /* RemoteCertificates.swift in Sources */,
				C36C0D562317CF600012F75D /* QueryMyProfile.swift in Sources */,
				C36C0D512317CF600012F75D /* QueryFriendListView.swift in Sources */,
				C36C0D592317CF600012F75D /* RemoteEvents.swift in Sources */,
				B6C781F3230C027E005099E9 /* HomeViewController.swift in Sources */,
				C36C0D502317CF600012F75D /* QueryMyActivities.swift in Sources */,
				31DC0CEC23146B3B00EF75B2 /* friendListTableViewCell.swift in Sources */,
				B6C781F1230C027E005099E9 /* AppDelegate.swift in Sources */,
				C36C0D572317CF600012F75D /* RemoteNotifications.swift in Sources */,
				B6163A12231017AA00288352 /* TanggalCollectionView.swift in Sources */,
				C36C0D602317CF600012F75D /* RemoteRegisterEvents.swift in Sources */,
				31A22CB42312B4E00005EF81 /* MyActivitiesDetailsPage.swift in Sources */,
				C36C0D5A2317CF600012F75D /* RemoteInviteEvents.swift in Sources */,
				31A22CB22312AA350005EF81 /* MyActivitiesPage.swift in Sources */,
				31A38D64231EA1CE0094EE9C /* SearchViewController.swift in Sources */,
				3114F7EB231D2CD6008EA5B9 /* OnBoardingViewController.swift in Sources */,
				C36C0D542317CF600012F75D /* QueryLogin.swift in Sources */,
				B6C7820F230D500E005099E9 /* HomeCustomTableViewCell.swift in Sources */,
				31DC0CE82314015400EF75B2 /* ProfileViewController.swift in Sources */,
				C36C0D532317CF600012F75D /* QueryAddFriend.swift in Sources */,
				31A22CA9231299260005EF81 /* ActivitiesCollectionViewCell.swift in Sources */,
				31E964A723153EB000B728BB /* CameraViewController.swift in Sources */,
				C36C0D4E2317CF600012F75D /* QueryAddEvent.swift in Sources */,
				B6163A16231236A500288352 /* ClickableTableViewCell.swift in Sources */,
				C36C0D552317CF600012F75D /* QueryRegisterEventAlone.swift in Sources */,
				C36C0D612317CF600012F75D /* QueryReadData.swift in Sources */,
				C36C0D5D2317CF600012F75D /* RemoteFriends.swift in Sources */,
				C36C0D642317D6AB0012F75D /* InitDataViewController.swift in Sources */,
				31A22CB02312A3EB0005EF81 /* RegisterEventModel.swift in Sources */,
				31DC0CEA231411FE00EF75B2 /* ECertificateCollectionViewCell.swift in Sources */,
				3114F7ED231D2E99008EA5B9 /* OnBoardingView.swift in Sources */,
				319C7B5B231646EA008E74E0 /* NotificationTableViewCell.swift in Sources */,
				C36C0D4F2317CF600012F75D /* QueryRegisterEventWithFriends.swift in Sources */,
				E9775801230D6D6F00A9A3D0 /* LoginPageController.swift in Sources */,
				E9775803230D6E4F00A9A3D0 /* ViewControllerSignUp.swift in Sources */,
				C36C0D5B2317CF600012F75D /* DBConnection.swift in Sources */,
				B6C78211230D63B0005099E9 /* EventDetailController.swift in Sources */,
				31A22CAC23129DA90005EF81 /* UserModel.swift in Sources */,
				31DC0CEE23146C4600EF75B2 /* friendListTableViewController.swift in Sources */,
				31E964A52315188B00B728BB /* QRCodeViewController.swift in Sources */,
				E9775805230D6E5B00A9A3D0 /* ForgotPassword.swift in Sources */,
				B6163A0E231013C400288352 /* CustomImageViewRounded.swift in Sources */,
				31DC0CE42313E2A100EF75B2 /* FriendListModel.swift in Sources */,
				31A22CAE23129DBF0005EF81 /* EventModel.swift in Sources */,
				C36C0D582317CF600012F75D /* RemoteUsers.swift in Sources */,
				319C7B5F23167782008E74E0 /* SettingProfileViewController.swift in Sources */,
				319C7B5D2316475F008E74E0 /* NotificationModel.swift in Sources */,
				B6163A14231235E200288352 /* FriendListController.swift in Sources */,
				C36C0D5C2317CF600012F75D /* RemoteRecords.swift in Sources */,
			);
			runOnlyForDeploymentPostprocessing = 0;
		};
/* End PBXSourcesBuildPhase section */

/* Begin PBXVariantGroup section */
		B6C781F4230C027E005099E9 /* Main.storyboard */ = {
			isa = PBXVariantGroup;
			children = (
				B6C781F5230C027E005099E9 /* Base */,
			);
			name = Main.storyboard;
			sourceTree = "<group>";
		};
		B6C781F9230C027F005099E9 /* LaunchScreen.storyboard */ = {
			isa = PBXVariantGroup;
			children = (
				B6C781FA230C027F005099E9 /* Base */,
			);
			name = LaunchScreen.storyboard;
			sourceTree = "<group>";
		};
/* End PBXVariantGroup section */

/* Begin XCBuildConfiguration section */
		B6C781FD230C027F005099E9 /* Debug */ = {
			isa = XCBuildConfiguration;
			buildSettings = {
				ALWAYS_SEARCH_USER_PATHS = NO;
				CLANG_ANALYZER_NONNULL = YES;
				CLANG_ANALYZER_NUMBER_OBJECT_CONVERSION = YES_AGGRESSIVE;
				CLANG_CXX_LANGUAGE_STANDARD = "gnu++14";
				CLANG_CXX_LIBRARY = "libc++";
				CLANG_ENABLE_MODULES = YES;
				CLANG_ENABLE_OBJC_ARC = YES;
				CLANG_ENABLE_OBJC_WEAK = YES;
				CLANG_WARN_BLOCK_CAPTURE_AUTORELEASING = YES;
				CLANG_WARN_BOOL_CONVERSION = YES;
				CLANG_WARN_COMMA = YES;
				CLANG_WARN_CONSTANT_CONVERSION = YES;
				CLANG_WARN_DEPRECATED_OBJC_IMPLEMENTATIONS = YES;
				CLANG_WARN_DIRECT_OBJC_ISA_USAGE = YES_ERROR;
				CLANG_WARN_DOCUMENTATION_COMMENTS = YES;
				CLANG_WARN_EMPTY_BODY = YES;
				CLANG_WARN_ENUM_CONVERSION = YES;
				CLANG_WARN_INFINITE_RECURSION = YES;
				CLANG_WARN_INT_CONVERSION = YES;
				CLANG_WARN_NON_LITERAL_NULL_CONVERSION = YES;
				CLANG_WARN_OBJC_IMPLICIT_RETAIN_SELF = YES;
				CLANG_WARN_OBJC_LITERAL_CONVERSION = YES;
				CLANG_WARN_OBJC_ROOT_CLASS = YES_ERROR;
				CLANG_WARN_RANGE_LOOP_ANALYSIS = YES;
				CLANG_WARN_STRICT_PROTOTYPES = YES;
				CLANG_WARN_SUSPICIOUS_MOVE = YES;
				CLANG_WARN_UNGUARDED_AVAILABILITY = YES_AGGRESSIVE;
				CLANG_WARN_UNREACHABLE_CODE = YES;
				CLANG_WARN__DUPLICATE_METHOD_MATCH = YES;
				CODE_SIGN_IDENTITY = "iPhone Developer";
				COPY_PHASE_STRIP = NO;
				DEBUG_INFORMATION_FORMAT = dwarf;
				ENABLE_STRICT_OBJC_MSGSEND = YES;
				ENABLE_TESTABILITY = YES;
				GCC_C_LANGUAGE_STANDARD = gnu11;
				GCC_DYNAMIC_NO_PIC = NO;
				GCC_NO_COMMON_BLOCKS = YES;
				GCC_OPTIMIZATION_LEVEL = 0;
				GCC_PREPROCESSOR_DEFINITIONS = (
					"DEBUG=1",
					"$(inherited)",
				);
				GCC_WARN_64_TO_32_BIT_CONVERSION = YES;
				GCC_WARN_ABOUT_RETURN_TYPE = YES_ERROR;
				GCC_WARN_UNDECLARED_SELECTOR = YES;
				GCC_WARN_UNINITIALIZED_AUTOS = YES_AGGRESSIVE;
				GCC_WARN_UNUSED_FUNCTION = YES;
				GCC_WARN_UNUSED_VARIABLE = YES;
				IPHONEOS_DEPLOYMENT_TARGET = 12.2;
				MTL_ENABLE_DEBUG_INFO = INCLUDE_SOURCE;
				MTL_FAST_MATH = YES;
				ONLY_ACTIVE_ARCH = YES;
				SDKROOT = iphoneos;
				SWIFT_ACTIVE_COMPILATION_CONDITIONS = DEBUG;
				SWIFT_OPTIMIZATION_LEVEL = "-Onone";
			};
			name = Debug;
		};
		B6C781FE230C027F005099E9 /* Release */ = {
			isa = XCBuildConfiguration;
			buildSettings = {
				ALWAYS_SEARCH_USER_PATHS = NO;
				CLANG_ANALYZER_NONNULL = YES;
				CLANG_ANALYZER_NUMBER_OBJECT_CONVERSION = YES_AGGRESSIVE;
				CLANG_CXX_LANGUAGE_STANDARD = "gnu++14";
				CLANG_CXX_LIBRARY = "libc++";
				CLANG_ENABLE_MODULES = YES;
				CLANG_ENABLE_OBJC_ARC = YES;
				CLANG_ENABLE_OBJC_WEAK = YES;
				CLANG_WARN_BLOCK_CAPTURE_AUTORELEASING = YES;
				CLANG_WARN_BOOL_CONVERSION = YES;
				CLANG_WARN_COMMA = YES;
				CLANG_WARN_CONSTANT_CONVERSION = YES;
				CLANG_WARN_DEPRECATED_OBJC_IMPLEMENTATIONS = YES;
				CLANG_WARN_DIRECT_OBJC_ISA_USAGE = YES_ERROR;
				CLANG_WARN_DOCUMENTATION_COMMENTS = YES;
				CLANG_WARN_EMPTY_BODY = YES;
				CLANG_WARN_ENUM_CONVERSION = YES;
				CLANG_WARN_INFINITE_RECURSION = YES;
				CLANG_WARN_INT_CONVERSION = YES;
				CLANG_WARN_NON_LITERAL_NULL_CONVERSION = YES;
				CLANG_WARN_OBJC_IMPLICIT_RETAIN_SELF = YES;
				CLANG_WARN_OBJC_LITERAL_CONVERSION = YES;
				CLANG_WARN_OBJC_ROOT_CLASS = YES_ERROR;
				CLANG_WARN_RANGE_LOOP_ANALYSIS = YES;
				CLANG_WARN_STRICT_PROTOTYPES = YES;
				CLANG_WARN_SUSPICIOUS_MOVE = YES;
				CLANG_WARN_UNGUARDED_AVAILABILITY = YES_AGGRESSIVE;
				CLANG_WARN_UNREACHABLE_CODE = YES;
				CLANG_WARN__DUPLICATE_METHOD_MATCH = YES;
				CODE_SIGN_IDENTITY = "iPhone Developer";
				COPY_PHASE_STRIP = NO;
				DEBUG_INFORMATION_FORMAT = "dwarf-with-dsym";
				ENABLE_NS_ASSERTIONS = NO;
				ENABLE_STRICT_OBJC_MSGSEND = YES;
				GCC_C_LANGUAGE_STANDARD = gnu11;
				GCC_NO_COMMON_BLOCKS = YES;
				GCC_WARN_64_TO_32_BIT_CONVERSION = YES;
				GCC_WARN_ABOUT_RETURN_TYPE = YES_ERROR;
				GCC_WARN_UNDECLARED_SELECTOR = YES;
				GCC_WARN_UNINITIALIZED_AUTOS = YES_AGGRESSIVE;
				GCC_WARN_UNUSED_FUNCTION = YES;
				GCC_WARN_UNUSED_VARIABLE = YES;
				IPHONEOS_DEPLOYMENT_TARGET = 12.2;
				MTL_ENABLE_DEBUG_INFO = NO;
				MTL_FAST_MATH = YES;
				SDKROOT = iphoneos;
				SWIFT_COMPILATION_MODE = wholemodule;
				SWIFT_OPTIMIZATION_LEVEL = "-O";
				VALIDATE_PRODUCT = YES;
			};
			name = Release;
		};
		B6C78200230C027F005099E9 /* Debug */ = {
			isa = XCBuildConfiguration;
			baseConfigurationReference = AAADC8FDE4AB23146CE4981B /* Pods-MC3 Volunteering.debug.xcconfig */;
			buildSettings = {
				ASSETCATALOG_COMPILER_APPICON_NAME = AppIcon;
				CODE_SIGN_ENTITLEMENTS = "MC3 Volunteering/MC3 Volunteering.entitlements";
				CODE_SIGN_STYLE = Automatic;
				DEVELOPMENT_TEAM = C56NL525H5;
				INFOPLIST_FILE = "MC3 Volunteering/Info.plist";
				LD_RUNPATH_SEARCH_PATHS = (
					"$(inherited)",
					"@executable_path/Frameworks",
				);
				PRODUCT_BUNDLE_IDENTIFIER = "com.edvyntanu.MC3-VolunteeringB1";
				PRODUCT_NAME = "$(TARGET_NAME)";
				SWIFT_VERSION = 5.0;
				TARGETED_DEVICE_FAMILY = "1,2";
			};
			name = Debug;
		};
		B6C78201230C027F005099E9 /* Release */ = {
			isa = XCBuildConfiguration;
			baseConfigurationReference = 9C5DA073C85EA18D4B0C4C24 /* Pods-MC3 Volunteering.release.xcconfig */;
			buildSettings = {
				ASSETCATALOG_COMPILER_APPICON_NAME = AppIcon;
				CODE_SIGN_ENTITLEMENTS = "MC3 Volunteering/MC3 Volunteering.entitlements";
				CODE_SIGN_STYLE = Automatic;
				DEVELOPMENT_TEAM = C56NL525H5;
				INFOPLIST_FILE = "MC3 Volunteering/Info.plist";
				LD_RUNPATH_SEARCH_PATHS = (
					"$(inherited)",
					"@executable_path/Frameworks",
				);
				PRODUCT_BUNDLE_IDENTIFIER = "com.edvyntanu.MC3-VolunteeringB1";
				PRODUCT_NAME = "$(TARGET_NAME)";
				SWIFT_VERSION = 5.0;
				TARGETED_DEVICE_FAMILY = "1,2";
			};
			name = Release;
		};
/* End XCBuildConfiguration section */

/* Begin XCConfigurationList section */
		B6C781E8230C027E005099E9 /* Build configuration list for PBXProject "MC3 Volunteering" */ = {
			isa = XCConfigurationList;
			buildConfigurations = (
				B6C781FD230C027F005099E9 /* Debug */,
				B6C781FE230C027F005099E9 /* Release */,
			);
			defaultConfigurationIsVisible = 0;
			defaultConfigurationName = Release;
		};
		B6C781FF230C027F005099E9 /* Build configuration list for PBXNativeTarget "MC3 Volunteering" */ = {
			isa = XCConfigurationList;
			buildConfigurations = (
				B6C78200230C027F005099E9 /* Debug */,
				B6C78201230C027F005099E9 /* Release */,
			);
			defaultConfigurationIsVisible = 0;
			defaultConfigurationName = Release;
		};
/* End XCConfigurationList section */
	};
	rootObject = B6C781E5230C027E005099E9 /* Project object */;
}
